
Microsoft Visual Studio Solution File, Format Version 12.00
# Visual Studio Version 17
VisualStudioVersion = 17.9.34728.123
MinimumVisualStudioVersion = 10.0.40219.1
Project("{9A19103F-16F7-4668-BE54-9A1E7A4F7556}") = "Homework-TV-MVC", "Homework-TV-MVC\Homework-TV-MVC.csproj", "{D1CAAA45-8A69-4563-8977-C57C8D46DD48}"
EndProject
Project("{9A19103F-16F7-4668-BE54-9A1E7A4F7556}") = "TV_Domain", "TV_Domain\TV_Domain.csproj", "{60FAA274-74D1-42B9-877E-8A52C3DDA180}"
EndProject
Project("{9A19103F-16F7-4668-BE54-9A1E7A4F7556}") = "TV_Infrastructure", "TV_Infrastructure\TV_Infrastructure.csproj", "{F5D43ECB-A676-43E1-9119-9220CD6D530D}"
EndProject
Global
	GlobalSection(SolutionConfigurationPlatforms) = preSolution
		Debug|Any CPU = Debug|Any CPU
		Release|Any CPU = Release|Any CPU
	EndGlobalSection
	GlobalSection(ProjectConfigurationPlatforms) = postSolution
		{D1CAAA45-8A69-4563-8977-C57C8D46DD48}.Debug|Any CPU.ActiveCfg = Debug|Any CPU
		{D1CAAA45-8A69-4563-8977-C57C8D46DD48}.Debug|Any CPU.Build.0 = Debug|Any CPU
		{D1CAAA45-8A69-4563-8977-C57C8D46DD48}.Release|Any CPU.ActiveCfg = Release|Any CPU
		{D1CAAA45-8A69-4563-8977-C57C8D46DD48}.Release|Any CPU.Build.0 = Release|Any CPU
		{60FAA274-74D1-42B9-877E-8A52C3DDA180}.Debug|Any CPU.ActiveCfg = Debug|Any CPU
		{60FAA274-74D1-42B9-877E-8A52C3DDA180}.Debug|Any CPU.Build.0 = Debug|Any CPU
		{60FAA274-74D1-42B9-877E-8A52C3DDA180}.Release|Any CPU.ActiveCfg = Release|Any CPU
		{60FAA274-74D1-42B9-877E-8A52C3DDA180}.Release|Any CPU.Build.0 = Release|Any CPU
		{F5D43ECB-A676-43E1-9119-9220CD6D530D}.Debug|Any CPU.ActiveCfg = Debug|Any CPU
		{F5D43ECB-A676-43E1-9119-9220CD6D530D}.Debug|Any CPU.Build.0 = Debug|Any CPU
		{F5D43ECB-A676-43E1-9119-9220CD6D530D}.Release|Any CPU.ActiveCfg = Release|Any CPU
		{F5D43ECB-A676-43E1-9119-9220CD6D530D}.Release|Any CPU.Build.0 = Release|Any CPU
	EndGlobalSection
	GlobalSection(SolutionProperties) = preSolution
		HideSolutionNode = FALSE
	EndGlobalSection
	GlobalSection(ExtensibilityGlobals) = postSolution
		SolutionGuid = {FF24DB29-CEEC-4735-858F-A40A7A333399}
	EndGlobalSection
EndGlobal
